{
  "name": "h5p-three-js",
  "version": "1.1.0",
  "lockfileVersion": 2,
  "requires": true,
  "packages": {
    "": {
      "name": "h5p-three-js",
      "version": "1.1.0",
      "license": "MIT",
      "dependencies": {
        "three": "0.101.0"
      }
    },
    "node_modules/three": {
      "version": "0.101.0",
      "resolved": "https://registry.npmjs.org/three/-/three-0.101.0.tgz",
      "integrity": "sha512-eHgP4nQsCHoeMv76E9ZWIqHufVzfDlPlU5FQuGNefkongDtSjXNLNJ5IbuAc/at3iQJCjXBX2X6DGt8dayDZHA=="
    }
  },
  "dependencies": {
    "three": {
      "version": "0.101.0",
      "resolved": "https://registry.npmjs.org/three/-/three-0.101.0.tgz",
      "integrity": "sha512-eHgP4nQsCHoeMv76E9ZWIqHufVzfDlPlU5FQuGNefkongDtSjXNLNJ5IbuAc/at3iQJCjXBX2X6DGt8dayDZHA=="
    }
  }
}
